
Microsoft Visual Studio Solution File, Format Version 12.00
# Visual Studio Version 16
VisualStudioVersion = 16.0.31205.134
MinimumVisualStudioVersion = 10.0.40219.1
Project("{9A19103F-16F7-4668-BE54-9A1E7A4F7556}") = "WebAPI", "WebAPI\WebAPI.csproj", "{F9259EFE-116D-479F-8D54-0A473DB7BB82}"
EndProject
Project("{9A19103F-16F7-4668-BE54-9A1E7A4F7556}") = "Tests", "Tests\Tests.csproj", "{71E56CE1-B4C8-4931-ABFB-575FACF78C88}"
EndProject
Project("{2150E333-8FDC-42A3-9474-1A3956D46DE8}") = "Solution Items", "Solution Items", "{E13C91C6-CD1C-4DB0-A78E-AFE280A68466}"
	ProjectSection(SolutionItems) = preProject
		README.md = README.md
	EndProjectSection
EndProject
Global
	GlobalSection(SolutionConfigurationPlatforms) = preSolution
		Debug|Any CPU = Debug|Any CPU
		Release|Any CPU = Release|Any CPU
	EndGlobalSection
	GlobalSection(ProjectConfigurationPlatforms) = postSolution
		{F9259EFE-116D-479F-8D54-0A473DB7BB82}.Debug|Any CPU.ActiveCfg = Debug|Any CPU
		{F9259EFE-116D-479F-8D54-0A473DB7BB82}.Debug|Any CPU.Build.0 = Debug|Any CPU
		{F9259EFE-116D-479F-8D54-0A473DB7BB82}.Release|Any CPU.ActiveCfg = Release|Any CPU
		{F9259EFE-116D-479F-8D54-0A473DB7BB82}.Release|Any CPU.Build.0 = Release|Any CPU
		{71E56CE1-B4C8-4931-ABFB-575FACF78C88}.Debug|Any CPU.ActiveCfg = Debug|Any CPU
		{71E56CE1-B4C8-4931-ABFB-575FACF78C88}.Debug|Any CPU.Build.0 = Debug|Any CPU
		{71E56CE1-B4C8-4931-ABFB-575FACF78C88}.Release|Any CPU.ActiveCfg = Release|Any CPU
		{71E56CE1-B4C8-4931-ABFB-575FACF78C88}.Release|Any CPU.Build.0 = Release|Any CPU
	EndGlobalSection
	GlobalSection(SolutionProperties) = preSolution
		HideSolutionNode = FALSE
	EndGlobalSection
	GlobalSection(ExtensibilityGlobals) = postSolution
		SolutionGuid = {04684C8A-1344-4D6B-AED3-34551BA5E346}
	EndGlobalSection
EndGlobal
